
Microsoft Visual Studio Solution File, Format Version 12.00
# Visual Studio Version 17
VisualStudioVersion = 17.11.35327.3
MinimumVisualStudioVersion = 10.0.40219.1
Project("{8BC9CEB8-8B4A-11D0-8D11-00A0C91BC942}") = "Hamza 2", "Hamza 2.vcxproj", "{334CF6B2-C5F6-4DCE-96B7-A7FC061A800F}"
EndProject
Global
	GlobalSection(SolutionConfigurationPlatforms) = preSolution
		Debug|x64 = Debug|x64
		Debug|x86 = Debug|x86
		Release|x64 = Release|x64
		Release|x86 = Release|x86
	EndGlobalSection
	GlobalSection(ProjectConfigurationPlatforms) = postSolution
		{334CF6B2-C5F6-4DCE-96B7-A7FC061A800F}.Debug|x64.ActiveCfg = Debug|x64
		{334CF6B2-C5F6-4DCE-96B7-A7FC061A800F}.Debug|x64.Build.0 = Debug|x64
		{334CF6B2-C5F6-4DCE-96B7-A7FC061A800F}.Debug|x86.ActiveCfg = Debug|Win32
		{334CF6B2-C5F6-4DCE-96B7-A7FC061A800F}.Debug|x86.Build.0 = Debug|Win32
		{334CF6B2-C5F6-4DCE-96B7-A7FC061A800F}.Release|x64.ActiveCfg = Release|x64
		{334CF6B2-C5F6-4DCE-96B7-A7FC061A800F}.Release|x64.Build.0 = Release|x64
		{334CF6B2-C5F6-4DCE-96B7-A7FC061A800F}.Release|x86.ActiveCfg = Release|Win32
		{334CF6B2-C5F6-4DCE-96B7-A7FC061A800F}.Release|x86.Build.0 = Release|Win32
	EndGlobalSection
	GlobalSection(SolutionProperties) = preSolution
		HideSolutionNode = FALSE
	EndGlobalSection
	GlobalSection(ExtensibilityGlobals) = postSolution
		SolutionGuid = {194DB8EC-91ED-474B-A1BF-19C2C9694B61}
	EndGlobalSection
EndGlobal
